{
    "name": "solace-consumer",
    "version": "1.0.0",
    "lockfileVersion": 3,
    "requires": true,
    "packages": {
        "": {
            "name": "solace-consumer",
            "version": "1.0.0",
            "license": "MIT",
            "dependencies": {
                "solclientjs": "^10.15.0"
            }
        },
        "node_modules/solclientjs": {
            "version": "10.15.0",
            "resolved": "https://registry.npmjs.org/solclientjs/-/solclientjs-10.15.0.tgz",
            "integrity": "sha512-6OGJZ6y+LAGACPojImeeiQBbHSFmiimmFzBa43kOQ0HQ26XSbt0ied89YaB3ISQOqzsq2Y1xx0ipKOXYz/5xnw==",
            "engines": {
                "node": ">=10.0.0"
            }
        }
    }
}
